
Microsoft Visual Studio Solution File, Format Version 12.00
# Visual Studio 15
VisualStudioVersion = 15.0.28307.136
MinimumVisualStudioVersion = 14.0.23107.0
Project("{2150E333-8FDC-42A3-9474-1A3956D46DE8}") = "PotamOS", "PotamOS", "{093DB923-6DC1-48C9-8787-09FA910BC1D8}"
	ProjectSection(XenkoPackage) = preProject
		PotamOS/PotamOS.xkpkg = PotamOS/PotamOS.xkpkg
	EndProjectSection
EndProject
Project("{9A19103F-16F7-4668-BE54-9A1E7A4F7556}") = "PotamOS.Windows", "PotamOS\PotamOS.Windows\PotamOS.Windows.csproj", "{1EAF8191-EDEB-4873-9C26-ECA5AAB45D77}"
EndProject
Project("{9A19103F-16F7-4668-BE54-9A1E7A4F7556}") = "PotamOS.Game", "PotamOS\PotamOS.Game\PotamOS.Game.csproj", "{663B8435-DEBA-4A63-8162-6E47E73AF4F7}"
EndProject
Project("{FAE04EC0-301F-11D3-BF4B-00C04F79EFBC}") = "PotamOS.Controller", "..\..\Controller\PotamOS.Controller\PotamOS.Controller.csproj", "{6E7B5514-8285-4497-9382-96FE71417812}"
EndProject
Project("{FAE04EC0-301F-11D3-BF4B-00C04F79EFBC}") = "PotamOS.Interfaces", "..\..\Controller\PotamOS.Interfaces\PotamOS.Interfaces.csproj", "{0A41D60F-4F3A-45BC-A926-A769A8A82E30}"
EndProject
Project("{FAE04EC0-301F-11D3-BF4B-00C04F79EFBC}") = "PotamOS.ControllerTests", "..\..\Controller\PotamOS.ControllerTests\PotamOS.ControllerTests.csproj", "{AAC1AB5A-561E-4C43-B975-4EDD30B624E2}"
EndProject
Project("{FAE04EC0-301F-11D3-BF4B-00C04F79EFBC}") = "PotamOSAddon", "..\..\OpenSimModules\PotamOSAddon\PotamOSAddon.csproj", "{CBD4B158-B582-4311-A91A-878FEEF1A92F}"
EndProject
Global
	GlobalSection(SolutionConfigurationPlatforms) = preSolution
		AppStore|Any CPU = AppStore|Any CPU
		AppStore|Mixed Platforms = AppStore|Mixed Platforms
		AppStore|Windows = AppStore|Windows
		Debug|Any CPU = Debug|Any CPU
		Debug|Mixed Platforms = Debug|Mixed Platforms
		Debug|Windows = Debug|Windows
		Release|Any CPU = Release|Any CPU
		Release|Mixed Platforms = Release|Mixed Platforms
		Release|Windows = Release|Windows
		Testing|Any CPU = Testing|Any CPU
		Testing|Mixed Platforms = Testing|Mixed Platforms
		Testing|Windows = Testing|Windows
	EndGlobalSection
	GlobalSection(ProjectConfigurationPlatforms) = postSolution
		{1EAF8191-EDEB-4873-9C26-ECA5AAB45D77}.AppStore|Any CPU.ActiveCfg = AppStore|Any CPU
		{1EAF8191-EDEB-4873-9C26-ECA5AAB45D77}.AppStore|Any CPU.Build.0 = AppStore|Any CPU
		{1EAF8191-EDEB-4873-9C26-ECA5AAB45D77}.AppStore|Any CPU.Deploy.0 = AppStore|Any CPU
		{1EAF8191-EDEB-4873-9C26-ECA5AAB45D77}.AppStore|Mixed Platforms.ActiveCfg = AppStore|Any CPU
		{1EAF8191-EDEB-4873-9C26-ECA5AAB45D77}.AppStore|Mixed Platforms.Build.0 = AppStore|Any CPU
		{1EAF8191-EDEB-4873-9C26-ECA5AAB45D77}.AppStore|Mixed Platforms.Deploy.0 = AppStore|Any CPU
		{1EAF8191-EDEB-4873-9C26-ECA5AAB45D77}.AppStore|Windows.ActiveCfg = AppStore|Any CPU
		{1EAF8191-EDEB-4873-9C26-ECA5AAB45D77}.AppStore|Windows.Build.0 = AppStore|Any CPU
		{1EAF8191-EDEB-4873-9C26-ECA5AAB45D77}.AppStore|Windows.Deploy.0 = AppStore|Any CPU
		{1EAF8191-EDEB-4873-9C26-ECA5AAB45D77}.Debug|Any CPU.ActiveCfg = Debug|Any CPU
		{1EAF8191-EDEB-4873-9C26-ECA5AAB45D77}.Debug|Any CPU.Build.0 = Debug|Any CPU
		{1EAF8191-EDEB-4873-9C26-ECA5AAB45D77}.Debug|Any CPU.Deploy.0 = Debug|Any CPU
		{1EAF8191-EDEB-4873-9C26-ECA5AAB45D77}.Debug|Mixed Platforms.ActiveCfg = Debug|Any CPU
		{1EAF8191-EDEB-4873-9C26-ECA5AAB45D77}.Debug|Mixed Platforms.Build.0 = Debug|Any CPU
		{1EAF8191-EDEB-4873-9C26-ECA5AAB45D77}.Debug|Mixed Platforms.Deploy.0 = Debug|Any CPU
		{1EAF8191-EDEB-4873-9C26-ECA5AAB45D77}.Debug|Windows.ActiveCfg = Debug|Any CPU
		{1EAF8191-EDEB-4873-9C26-ECA5AAB45D77}.Debug|Windows.Build.0 = Debug|Any CPU
		{1EAF8191-EDEB-4873-9C26-ECA5AAB45D77}.Debug|Windows.Deploy.0 = Debug|Any CPU
		{1EAF8191-EDEB-4873-9C26-ECA5AAB45D77}.Release|Any CPU.ActiveCfg = Release|Any CPU
		{1EAF8191-EDEB-4873-9C26-ECA5AAB45D77}.Release|Any CPU.Build.0 = Release|Any CPU
		{1EAF8191-EDEB-4873-9C26-ECA5AAB45D77}.Release|Any CPU.Deploy.0 = Release|Any CPU
		{1EAF8191-EDEB-4873-9C26-ECA5AAB45D77}.Release|Mixed Platforms.ActiveCfg = Release|Any CPU
		{1EAF8191-EDEB-4873-9C26-ECA5AAB45D77}.Release|Mixed Platforms.Build.0 = Release|Any CPU
		{1EAF8191-EDEB-4873-9C26-ECA5AAB45D77}.Release|Mixed Platforms.Deploy.0 = Release|Any CPU
		{1EAF8191-EDEB-4873-9C26-ECA5AAB45D77}.Release|Windows.ActiveCfg = Release|Any CPU
		{1EAF8191-EDEB-4873-9C26-ECA5AAB45D77}.Release|Windows.Build.0 = Release|Any CPU
		{1EAF8191-EDEB-4873-9C26-ECA5AAB45D77}.Release|Windows.Deploy.0 = Release|Any CPU
		{1EAF8191-EDEB-4873-9C26-ECA5AAB45D77}.Testing|Any CPU.ActiveCfg = Testing|Any CPU
		{1EAF8191-EDEB-4873-9C26-ECA5AAB45D77}.Testing|Any CPU.Build.0 = Testing|Any CPU
		{1EAF8191-EDEB-4873-9C26-ECA5AAB45D77}.Testing|Any CPU.Deploy.0 = Testing|Any CPU
		{1EAF8191-EDEB-4873-9C26-ECA5AAB45D77}.Testing|Mixed Platforms.ActiveCfg = Testing|Any CPU
		{1EAF8191-EDEB-4873-9C26-ECA5AAB45D77}.Testing|Mixed Platforms.Build.0 = Testing|Any CPU
		{1EAF8191-EDEB-4873-9C26-ECA5AAB45D77}.Testing|Mixed Platforms.Deploy.0 = Testing|Any CPU
		{1EAF8191-EDEB-4873-9C26-ECA5AAB45D77}.Testing|Windows.ActiveCfg = Testing|Any CPU
		{1EAF8191-EDEB-4873-9C26-ECA5AAB45D77}.Testing|Windows.Build.0 = Testing|Any CPU
		{1EAF8191-EDEB-4873-9C26-ECA5AAB45D77}.Testing|Windows.Deploy.0 = Testing|Any CPU
		{663B8435-DEBA-4A63-8162-6E47E73AF4F7}.AppStore|Any CPU.ActiveCfg = AppStore|Any CPU
		{663B8435-DEBA-4A63-8162-6E47E73AF4F7}.AppStore|Any CPU.Build.0 = AppStore|Any CPU
		{663B8435-DEBA-4A63-8162-6E47E73AF4F7}.AppStore|Mixed Platforms.ActiveCfg = AppStore|Any CPU
		{663B8435-DEBA-4A63-8162-6E47E73AF4F7}.AppStore|Mixed Platforms.Build.0 = AppStore|Any CPU
		{663B8435-DEBA-4A63-8162-6E47E73AF4F7}.AppStore|Windows.ActiveCfg = AppStore|Any CPU
		{663B8435-DEBA-4A63-8162-6E47E73AF4F7}.AppStore|Windows.Build.0 = AppStore|Any CPU
		{663B8435-DEBA-4A63-8162-6E47E73AF4F7}.Debug|Any CPU.ActiveCfg = Debug|Any CPU
		{663B8435-DEBA-4A63-8162-6E47E73AF4F7}.Debug|Any CPU.Build.0 = Debug|Any CPU
		{663B8435-DEBA-4A63-8162-6E47E73AF4F7}.Debug|Mixed Platforms.ActiveCfg = Debug|Any CPU
		{663B8435-DEBA-4A63-8162-6E47E73AF4F7}.Debug|Mixed Platforms.Build.0 = Debug|Any CPU
		{663B8435-DEBA-4A63-8162-6E47E73AF4F7}.Debug|Windows.ActiveCfg = Debug|Any CPU
		{663B8435-DEBA-4A63-8162-6E47E73AF4F7}.Debug|Windows.Build.0 = Debug|Any CPU
		{663B8435-DEBA-4A63-8162-6E47E73AF4F7}.Release|Any CPU.ActiveCfg = Release|Any CPU
		{663B8435-DEBA-4A63-8162-6E47E73AF4F7}.Release|Any CPU.Build.0 = Release|Any CPU
		{663B8435-DEBA-4A63-8162-6E47E73AF4F7}.Release|Mixed Platforms.ActiveCfg = Release|Any CPU
		{663B8435-DEBA-4A63-8162-6E47E73AF4F7}.Release|Mixed Platforms.Build.0 = Release|Any CPU
		{663B8435-DEBA-4A63-8162-6E47E73AF4F7}.Release|Windows.ActiveCfg = Release|Any CPU
		{663B8435-DEBA-4A63-8162-6E47E73AF4F7}.Release|Windows.Build.0 = Release|Any CPU
		{663B8435-DEBA-4A63-8162-6E47E73AF4F7}.Testing|Any CPU.ActiveCfg = Testing|Any CPU
		{663B8435-DEBA-4A63-8162-6E47E73AF4F7}.Testing|Any CPU.Build.0 = Testing|Any CPU
		{663B8435-DEBA-4A63-8162-6E47E73AF4F7}.Testing|Mixed Platforms.ActiveCfg = Testing|Any CPU
		{663B8435-DEBA-4A63-8162-6E47E73AF4F7}.Testing|Mixed Platforms.Build.0 = Testing|Any CPU
		{663B8435-DEBA-4A63-8162-6E47E73AF4F7}.Testing|Windows.ActiveCfg = Testing|Any CPU
		{663B8435-DEBA-4A63-8162-6E47E73AF4F7}.Testing|Windows.Build.0 = Testing|Any CPU
		{6E7B5514-8285-4497-9382-96FE71417812}.AppStore|Any CPU.ActiveCfg = Release|Any CPU
		{6E7B5514-8285-4497-9382-96FE71417812}.AppStore|Any CPU.Build.0 = Release|Any CPU
		{6E7B5514-8285-4497-9382-96FE71417812}.AppStore|Mixed Platforms.ActiveCfg = Release|Any CPU
		{6E7B5514-8285-4497-9382-96FE71417812}.AppStore|Mixed Platforms.Build.0 = Release|Any CPU
		{6E7B5514-8285-4497-9382-96FE71417812}.AppStore|Windows.ActiveCfg = Release|Any CPU
		{6E7B5514-8285-4497-9382-96FE71417812}.AppStore|Windows.Build.0 = Release|Any CPU
		{6E7B5514-8285-4497-9382-96FE71417812}.Debug|Any CPU.ActiveCfg = Debug|Any CPU
		{6E7B5514-8285-4497-9382-96FE71417812}.Debug|Any CPU.Build.0 = Debug|Any CPU
		{6E7B5514-8285-4497-9382-96FE71417812}.Debug|Mixed Platforms.ActiveCfg = Debug|Any CPU
		{6E7B5514-8285-4497-9382-96FE71417812}.Debug|Mixed Platforms.Build.0 = Debug|Any CPU
		{6E7B5514-8285-4497-9382-96FE71417812}.Debug|Windows.ActiveCfg = Debug|Any CPU
		{6E7B5514-8285-4497-9382-96FE71417812}.Debug|Windows.Build.0 = Debug|Any CPU
		{6E7B5514-8285-4497-9382-96FE71417812}.Release|Any CPU.ActiveCfg = Release|Any CPU
		{6E7B5514-8285-4497-9382-96FE71417812}.Release|Any CPU.Build.0 = Release|Any CPU
		{6E7B5514-8285-4497-9382-96FE71417812}.Release|Mixed Platforms.ActiveCfg = Release|Any CPU
		{6E7B5514-8285-4497-9382-96FE71417812}.Release|Mixed Platforms.Build.0 = Release|Any CPU
		{6E7B5514-8285-4497-9382-96FE71417812}.Release|Windows.ActiveCfg = Release|Any CPU
		{6E7B5514-8285-4497-9382-96FE71417812}.Release|Windows.Build.0 = Release|Any CPU
		{6E7B5514-8285-4497-9382-96FE71417812}.Testing|Any CPU.ActiveCfg = Release|Any CPU
		{6E7B5514-8285-4497-9382-96FE71417812}.Testing|Any CPU.Build.0 = Release|Any CPU
		{6E7B5514-8285-4497-9382-96FE71417812}.Testing|Mixed Platforms.ActiveCfg = Release|Any CPU
		{6E7B5514-8285-4497-9382-96FE71417812}.Testing|Mixed Platforms.Build.0 = Release|Any CPU
		{6E7B5514-8285-4497-9382-96FE71417812}.Testing|Windows.ActiveCfg = Release|Any CPU
		{6E7B5514-8285-4497-9382-96FE71417812}.Testing|Windows.Build.0 = Release|Any CPU
		{0A41D60F-4F3A-45BC-A926-A769A8A82E30}.AppStore|Any CPU.ActiveCfg = Release|Any CPU
		{0A41D60F-4F3A-45BC-A926-A769A8A82E30}.AppStore|Any CPU.Build.0 = Release|Any CPU
		{0A41D60F-4F3A-45BC-A926-A769A8A82E30}.AppStore|Mixed Platforms.ActiveCfg = Release|Any CPU
		{0A41D60F-4F3A-45BC-A926-A769A8A82E30}.AppStore|Mixed Platforms.Build.0 = Release|Any CPU
		{0A41D60F-4F3A-45BC-A926-A769A8A82E30}.AppStore|Windows.ActiveCfg = Release|Any CPU
		{0A41D60F-4F3A-45BC-A926-A769A8A82E30}.AppStore|Windows.Build.0 = Release|Any CPU
		{0A41D60F-4F3A-45BC-A926-A769A8A82E30}.Debug|Any CPU.ActiveCfg = Debug|Any CPU
		{0A41D60F-4F3A-45BC-A926-A769A8A82E30}.Debug|Any CPU.Build.0 = Debug|Any CPU
		{0A41D60F-4F3A-45BC-A926-A769A8A82E30}.Debug|Mixed Platforms.ActiveCfg = Debug|Any CPU
		{0A41D60F-4F3A-45BC-A926-A769A8A82E30}.Debug|Mixed Platforms.Build.0 = Debug|Any CPU
		{0A41D60F-4F3A-45BC-A926-A769A8A82E30}.Debug|Windows.ActiveCfg = Debug|Any CPU
		{0A41D60F-4F3A-45BC-A926-A769A8A82E30}.Debug|Windows.Build.0 = Debug|Any CPU
		{0A41D60F-4F3A-45BC-A926-A769A8A82E30}.Release|Any CPU.ActiveCfg = Release|Any CPU
		{0A41D60F-4F3A-45BC-A926-A769A8A82E30}.Release|Any CPU.Build.0 = Release|Any CPU
		{0A41D60F-4F3A-45BC-A926-A769A8A82E30}.Release|Mixed Platforms.ActiveCfg = Release|Any CPU
		{0A41D60F-4F3A-45BC-A926-A769A8A82E30}.Release|Mixed Platforms.Build.0 = Release|Any CPU
		{0A41D60F-4F3A-45BC-A926-A769A8A82E30}.Release|Windows.ActiveCfg = Release|Any CPU
		{0A41D60F-4F3A-45BC-A926-A769A8A82E30}.Release|Windows.Build.0 = Release|Any CPU
		{0A41D60F-4F3A-45BC-A926-A769A8A82E30}.Testing|Any CPU.ActiveCfg = Release|Any CPU
		{0A41D60F-4F3A-45BC-A926-A769A8A82E30}.Testing|Any CPU.Build.0 = Release|Any CPU
		{0A41D60F-4F3A-45BC-A926-A769A8A82E30}.Testing|Mixed Platforms.ActiveCfg = Release|Any CPU
		{0A41D60F-4F3A-45BC-A926-A769A8A82E30}.Testing|Mixed Platforms.Build.0 = Release|Any CPU
		{0A41D60F-4F3A-45BC-A926-A769A8A82E30}.Testing|Windows.ActiveCfg = Release|Any CPU
		{0A41D60F-4F3A-45BC-A926-A769A8A82E30}.Testing|Windows.Build.0 = Release|Any CPU
		{AAC1AB5A-561E-4C43-B975-4EDD30B624E2}.AppStore|Any CPU.ActiveCfg = Release|Any CPU
		{AAC1AB5A-561E-4C43-B975-4EDD30B624E2}.AppStore|Any CPU.Build.0 = Release|Any CPU
		{AAC1AB5A-561E-4C43-B975-4EDD30B624E2}.AppStore|Mixed Platforms.ActiveCfg = Release|Any CPU
		{AAC1AB5A-561E-4C43-B975-4EDD30B624E2}.AppStore|Mixed Platforms.Build.0 = Release|Any CPU
		{AAC1AB5A-561E-4C43-B975-4EDD30B624E2}.AppStore|Windows.ActiveCfg = Release|Any CPU
		{AAC1AB5A-561E-4C43-B975-4EDD30B624E2}.AppStore|Windows.Build.0 = Release|Any CPU
		{AAC1AB5A-561E-4C43-B975-4EDD30B624E2}.Debug|Any CPU.ActiveCfg = Debug|Any CPU
		{AAC1AB5A-561E-4C43-B975-4EDD30B624E2}.Debug|Any CPU.Build.0 = Debug|Any CPU
		{AAC1AB5A-561E-4C43-B975-4EDD30B624E2}.Debug|Mixed Platforms.ActiveCfg = Debug|Any CPU
		{AAC1AB5A-561E-4C43-B975-4EDD30B624E2}.Debug|Mixed Platforms.Build.0 = Debug|Any CPU
		{AAC1AB5A-561E-4C43-B975-4EDD30B624E2}.Debug|Windows.ActiveCfg = Debug|Any CPU
		{AAC1AB5A-561E-4C43-B975-4EDD30B624E2}.Debug|Windows.Build.0 = Debug|Any CPU
		{AAC1AB5A-561E-4C43-B975-4EDD30B624E2}.Release|Any CPU.ActiveCfg = Release|Any CPU
		{AAC1AB5A-561E-4C43-B975-4EDD30B624E2}.Release|Any CPU.Build.0 = Release|Any CPU
		{AAC1AB5A-561E-4C43-B975-4EDD30B624E2}.Release|Mixed Platforms.ActiveCfg = Release|Any CPU
		{AAC1AB5A-561E-4C43-B975-4EDD30B624E2}.Release|Mixed Platforms.Build.0 = Release|Any CPU
		{AAC1AB5A-561E-4C43-B975-4EDD30B624E2}.Release|Windows.ActiveCfg = Release|Any CPU
		{AAC1AB5A-561E-4C43-B975-4EDD30B624E2}.Release|Windows.Build.0 = Release|Any CPU
		{AAC1AB5A-561E-4C43-B975-4EDD30B624E2}.Testing|Any CPU.ActiveCfg = Release|Any CPU
		{AAC1AB5A-561E-4C43-B975-4EDD30B624E2}.Testing|Any CPU.Build.0 = Release|Any CPU
		{AAC1AB5A-561E-4C43-B975-4EDD30B624E2}.Testing|Mixed Platforms.ActiveCfg = Release|Any CPU
		{AAC1AB5A-561E-4C43-B975-4EDD30B624E2}.Testing|Mixed Platforms.Build.0 = Release|Any CPU
		{AAC1AB5A-561E-4C43-B975-4EDD30B624E2}.Testing|Windows.ActiveCfg = Release|Any CPU
		{AAC1AB5A-561E-4C43-B975-4EDD30B624E2}.Testing|Windows.Build.0 = Release|Any CPU
		{CBD4B158-B582-4311-A91A-878FEEF1A92F}.AppStore|Any CPU.ActiveCfg = Release|Any CPU
		{CBD4B158-B582-4311-A91A-878FEEF1A92F}.AppStore|Any CPU.Build.0 = Release|Any CPU
		{CBD4B158-B582-4311-A91A-878FEEF1A92F}.AppStore|Mixed Platforms.ActiveCfg = Release|Any CPU
		{CBD4B158-B582-4311-A91A-878FEEF1A92F}.AppStore|Mixed Platforms.Build.0 = Release|Any CPU
		{CBD4B158-B582-4311-A91A-878FEEF1A92F}.AppStore|Windows.ActiveCfg = Release|Any CPU
		{CBD4B158-B582-4311-A91A-878FEEF1A92F}.AppStore|Windows.Build.0 = Release|Any CPU
		{CBD4B158-B582-4311-A91A-878FEEF1A92F}.Debug|Any CPU.ActiveCfg = Debug|Any CPU
		{CBD4B158-B582-4311-A91A-878FEEF1A92F}.Debug|Any CPU.Build.0 = Debug|Any CPU
		{CBD4B158-B582-4311-A91A-878FEEF1A92F}.Debug|Mixed Platforms.ActiveCfg = Debug|Any CPU
		{CBD4B158-B582-4311-A91A-878FEEF1A92F}.Debug|Mixed Platforms.Build.0 = Debug|Any CPU
		{CBD4B158-B582-4311-A91A-878FEEF1A92F}.Debug|Windows.ActiveCfg = Debug|Any CPU
		{CBD4B158-B582-4311-A91A-878FEEF1A92F}.Debug|Windows.Build.0 = Debug|Any CPU
		{CBD4B158-B582-4311-A91A-878FEEF1A92F}.Release|Any CPU.ActiveCfg = Release|Any CPU
		{CBD4B158-B582-4311-A91A-878FEEF1A92F}.Release|Any CPU.Build.0 = Release|Any CPU
		{CBD4B158-B582-4311-A91A-878FEEF1A92F}.Release|Mixed Platforms.ActiveCfg = Release|Any CPU
		{CBD4B158-B582-4311-A91A-878FEEF1A92F}.Release|Mixed Platforms.Build.0 = Release|Any CPU
		{CBD4B158-B582-4311-A91A-878FEEF1A92F}.Release|Windows.ActiveCfg = Release|Any CPU
		{CBD4B158-B582-4311-A91A-878FEEF1A92F}.Release|Windows.Build.0 = Release|Any CPU
		{CBD4B158-B582-4311-A91A-878FEEF1A92F}.Testing|Any CPU.ActiveCfg = Release|Any CPU
		{CBD4B158-B582-4311-A91A-878FEEF1A92F}.Testing|Any CPU.Build.0 = Release|Any CPU
		{CBD4B158-B582-4311-A91A-878FEEF1A92F}.Testing|Mixed Platforms.ActiveCfg = Release|Any CPU
		{CBD4B158-B582-4311-A91A-878FEEF1A92F}.Testing|Mixed Platforms.Build.0 = Release|Any CPU
		{CBD4B158-B582-4311-A91A-878FEEF1A92F}.Testing|Windows.ActiveCfg = Release|Any CPU
		{CBD4B158-B582-4311-A91A-878FEEF1A92F}.Testing|Windows.Build.0 = Release|Any CPU
	EndGlobalSection
	GlobalSection(SolutionProperties) = preSolution
		HideSolutionNode = FALSE
	EndGlobalSection
	GlobalSection(NestedProjects) = preSolution
		{1EAF8191-EDEB-4873-9C26-ECA5AAB45D77} = {093DB923-6DC1-48C9-8787-09FA910BC1D8}
		{663B8435-DEBA-4A63-8162-6E47E73AF4F7} = {093DB923-6DC1-48C9-8787-09FA910BC1D8}
	EndGlobalSection
	GlobalSection(ExtensibilityGlobals) = postSolution
		SolutionGuid = {509C7000-481F-4C12-AE7E-8544A66261F6}
	EndGlobalSection
EndGlobal
