
Microsoft Visual Studio Solution File, Format Version 12.00
# Visual Studio 14
VisualStudioVersion = 14.0.23107.0
MinimumVisualStudioVersion = 14.0.23107.0
Project("{2150E333-8FDC-42A3-9474-1A3956D46DE8}") = "PotamOS", "PotamOS", "{093DB923-6DC1-48C9-8787-09FA910BC1D8}"
	ProjectSection(XenkoPackage) = preProject
		PotamOS/PotamOS.xkpkg = PotamOS/PotamOS.xkpkg
	EndProjectSection
EndProject
Project("{FAE04EC0-301F-11D3-BF4B-00C04F79EFBC}") = "PotamOS.Windows", "PotamOS\PotamOS.Windows\PotamOS.Windows.csproj", "{1EAF8191-EDEB-4873-9C26-ECA5AAB45D77}"
EndProject
Project("{FAE04EC0-301F-11D3-BF4B-00C04F79EFBC}") = "PotamOS.Game", "PotamOS\PotamOS.Game\PotamOS.Game.csproj", "{663B8435-DEBA-4A63-8162-6E47E73AF4F7}"
EndProject
Project("{2150E333-8FDC-42A3-9474-1A3956D46DE8}") = "Controller", "Controller", "{6E76A1A3-6740-4799-A090-4E74401761C9}"
	ProjectSection(XenkoPackage) = preProject
		Controller/Controller.xkpkg = Controller/Controller.xkpkg
	EndProjectSection
EndProject
Global
	GlobalSection(SolutionConfigurationPlatforms) = preSolution
		AppStore|Any CPU = AppStore|Any CPU
		AppStore|Mixed Platforms = AppStore|Mixed Platforms
		AppStore|Windows = AppStore|Windows
		Debug|Any CPU = Debug|Any CPU
		Debug|Mixed Platforms = Debug|Mixed Platforms
		Debug|Windows = Debug|Windows
		Release|Any CPU = Release|Any CPU
		Release|Mixed Platforms = Release|Mixed Platforms
		Release|Windows = Release|Windows
		Testing|Any CPU = Testing|Any CPU
		Testing|Mixed Platforms = Testing|Mixed Platforms
		Testing|Windows = Testing|Windows
	EndGlobalSection
	GlobalSection(ProjectConfigurationPlatforms) = postSolution
		{1EAF8191-EDEB-4873-9C26-ECA5AAB45D77}.AppStore|Any CPU.ActiveCfg = AppStore|Any CPU
		{1EAF8191-EDEB-4873-9C26-ECA5AAB45D77}.AppStore|Any CPU.Build.0 = AppStore|Any CPU
		{1EAF8191-EDEB-4873-9C26-ECA5AAB45D77}.AppStore|Any CPU.Deploy.0 = AppStore|Any CPU
		{1EAF8191-EDEB-4873-9C26-ECA5AAB45D77}.AppStore|Mixed Platforms.ActiveCfg = AppStore|Any CPU
		{1EAF8191-EDEB-4873-9C26-ECA5AAB45D77}.AppStore|Mixed Platforms.Build.0 = AppStore|Any CPU
		{1EAF8191-EDEB-4873-9C26-ECA5AAB45D77}.AppStore|Mixed Platforms.Deploy.0 = AppStore|Any CPU
		{1EAF8191-EDEB-4873-9C26-ECA5AAB45D77}.AppStore|Windows.ActiveCfg = AppStore|Any CPU
		{1EAF8191-EDEB-4873-9C26-ECA5AAB45D77}.AppStore|Windows.Build.0 = AppStore|Any CPU
		{1EAF8191-EDEB-4873-9C26-ECA5AAB45D77}.AppStore|Windows.Deploy.0 = AppStore|Any CPU
		{1EAF8191-EDEB-4873-9C26-ECA5AAB45D77}.Debug|Any CPU.ActiveCfg = Debug|Any CPU
		{1EAF8191-EDEB-4873-9C26-ECA5AAB45D77}.Debug|Any CPU.Build.0 = Debug|Any CPU
		{1EAF8191-EDEB-4873-9C26-ECA5AAB45D77}.Debug|Any CPU.Deploy.0 = Debug|Any CPU
		{1EAF8191-EDEB-4873-9C26-ECA5AAB45D77}.Debug|Mixed Platforms.ActiveCfg = Debug|Any CPU
		{1EAF8191-EDEB-4873-9C26-ECA5AAB45D77}.Debug|Mixed Platforms.Build.0 = Debug|Any CPU
		{1EAF8191-EDEB-4873-9C26-ECA5AAB45D77}.Debug|Mixed Platforms.Deploy.0 = Debug|Any CPU
		{1EAF8191-EDEB-4873-9C26-ECA5AAB45D77}.Debug|Windows.ActiveCfg = Debug|Any CPU
		{1EAF8191-EDEB-4873-9C26-ECA5AAB45D77}.Debug|Windows.Build.0 = Debug|Any CPU
		{1EAF8191-EDEB-4873-9C26-ECA5AAB45D77}.Debug|Windows.Deploy.0 = Debug|Any CPU
		{1EAF8191-EDEB-4873-9C26-ECA5AAB45D77}.Release|Any CPU.ActiveCfg = Release|Any CPU
		{1EAF8191-EDEB-4873-9C26-ECA5AAB45D77}.Release|Any CPU.Build.0 = Release|Any CPU
		{1EAF8191-EDEB-4873-9C26-ECA5AAB45D77}.Release|Any CPU.Deploy.0 = Release|Any CPU
		{1EAF8191-EDEB-4873-9C26-ECA5AAB45D77}.Release|Mixed Platforms.ActiveCfg = Release|Any CPU
		{1EAF8191-EDEB-4873-9C26-ECA5AAB45D77}.Release|Mixed Platforms.Build.0 = Release|Any CPU
		{1EAF8191-EDEB-4873-9C26-ECA5AAB45D77}.Release|Mixed Platforms.Deploy.0 = Release|Any CPU
		{1EAF8191-EDEB-4873-9C26-ECA5AAB45D77}.Release|Windows.ActiveCfg = Release|Any CPU
		{1EAF8191-EDEB-4873-9C26-ECA5AAB45D77}.Release|Windows.Build.0 = Release|Any CPU
		{1EAF8191-EDEB-4873-9C26-ECA5AAB45D77}.Release|Windows.Deploy.0 = Release|Any CPU
		{1EAF8191-EDEB-4873-9C26-ECA5AAB45D77}.Testing|Any CPU.ActiveCfg = Testing|Any CPU
		{1EAF8191-EDEB-4873-9C26-ECA5AAB45D77}.Testing|Any CPU.Build.0 = Testing|Any CPU
		{1EAF8191-EDEB-4873-9C26-ECA5AAB45D77}.Testing|Any CPU.Deploy.0 = Testing|Any CPU
		{1EAF8191-EDEB-4873-9C26-ECA5AAB45D77}.Testing|Mixed Platforms.ActiveCfg = Testing|Any CPU
		{1EAF8191-EDEB-4873-9C26-ECA5AAB45D77}.Testing|Mixed Platforms.Build.0 = Testing|Any CPU
		{1EAF8191-EDEB-4873-9C26-ECA5AAB45D77}.Testing|Mixed Platforms.Deploy.0 = Testing|Any CPU
		{1EAF8191-EDEB-4873-9C26-ECA5AAB45D77}.Testing|Windows.ActiveCfg = Testing|Any CPU
		{1EAF8191-EDEB-4873-9C26-ECA5AAB45D77}.Testing|Windows.Build.0 = Testing|Any CPU
		{1EAF8191-EDEB-4873-9C26-ECA5AAB45D77}.Testing|Windows.Deploy.0 = Testing|Any CPU
		{663B8435-DEBA-4A63-8162-6E47E73AF4F7}.AppStore|Any CPU.ActiveCfg = AppStore|Any CPU
		{663B8435-DEBA-4A63-8162-6E47E73AF4F7}.AppStore|Any CPU.Build.0 = AppStore|Any CPU
		{663B8435-DEBA-4A63-8162-6E47E73AF4F7}.AppStore|Mixed Platforms.ActiveCfg = AppStore|Any CPU
		{663B8435-DEBA-4A63-8162-6E47E73AF4F7}.AppStore|Mixed Platforms.Build.0 = AppStore|Any CPU
		{663B8435-DEBA-4A63-8162-6E47E73AF4F7}.AppStore|Windows.ActiveCfg = AppStore|Any CPU
		{663B8435-DEBA-4A63-8162-6E47E73AF4F7}.AppStore|Windows.Build.0 = AppStore|Any CPU
		{663B8435-DEBA-4A63-8162-6E47E73AF4F7}.Debug|Any CPU.ActiveCfg = Debug|Any CPU
		{663B8435-DEBA-4A63-8162-6E47E73AF4F7}.Debug|Any CPU.Build.0 = Debug|Any CPU
		{663B8435-DEBA-4A63-8162-6E47E73AF4F7}.Debug|Mixed Platforms.ActiveCfg = Debug|Any CPU
		{663B8435-DEBA-4A63-8162-6E47E73AF4F7}.Debug|Mixed Platforms.Build.0 = Debug|Any CPU
		{663B8435-DEBA-4A63-8162-6E47E73AF4F7}.Debug|Windows.ActiveCfg = Debug|Any CPU
		{663B8435-DEBA-4A63-8162-6E47E73AF4F7}.Debug|Windows.Build.0 = Debug|Any CPU
		{663B8435-DEBA-4A63-8162-6E47E73AF4F7}.Release|Any CPU.ActiveCfg = Release|Any CPU
		{663B8435-DEBA-4A63-8162-6E47E73AF4F7}.Release|Any CPU.Build.0 = Release|Any CPU
		{663B8435-DEBA-4A63-8162-6E47E73AF4F7}.Release|Mixed Platforms.ActiveCfg = Release|Any CPU
		{663B8435-DEBA-4A63-8162-6E47E73AF4F7}.Release|Mixed Platforms.Build.0 = Release|Any CPU
		{663B8435-DEBA-4A63-8162-6E47E73AF4F7}.Release|Windows.ActiveCfg = Release|Any CPU
		{663B8435-DEBA-4A63-8162-6E47E73AF4F7}.Release|Windows.Build.0 = Release|Any CPU
		{663B8435-DEBA-4A63-8162-6E47E73AF4F7}.Testing|Any CPU.ActiveCfg = Testing|Any CPU
		{663B8435-DEBA-4A63-8162-6E47E73AF4F7}.Testing|Any CPU.Build.0 = Testing|Any CPU
		{663B8435-DEBA-4A63-8162-6E47E73AF4F7}.Testing|Mixed Platforms.ActiveCfg = Testing|Any CPU
		{663B8435-DEBA-4A63-8162-6E47E73AF4F7}.Testing|Mixed Platforms.Build.0 = Testing|Any CPU
		{663B8435-DEBA-4A63-8162-6E47E73AF4F7}.Testing|Windows.ActiveCfg = Testing|Any CPU
		{663B8435-DEBA-4A63-8162-6E47E73AF4F7}.Testing|Windows.Build.0 = Testing|Any CPU
	EndGlobalSection
	GlobalSection(NestedProjects) = preSolution
		{1EAF8191-EDEB-4873-9C26-ECA5AAB45D77} = {093DB923-6DC1-48C9-8787-09FA910BC1D8}
		{663B8435-DEBA-4A63-8162-6E47E73AF4F7} = {093DB923-6DC1-48C9-8787-09FA910BC1D8}
	EndGlobalSection
EndGlobal
